
Microsoft Visual Studio Solution File, Format Version 12.00
# Visual Studio Version 16
VisualStudioVersion = 16.0.29230.47
MinimumVisualStudioVersion = 10.0.40219.1
Project("{9A19103F-16F7-4668-BE54-9A1E7A4F7556}") = "MyMediaRenamer.Core", "..\MyMediaRenamer.Core\MyMediaRenamer.Core.csproj", "{8251D948-212D-47D5-8F5C-EA7C046DAACA}"
EndProject
Project("{9A19103F-16F7-4668-BE54-9A1E7A4F7556}") = "MyMediaRenamer.Tests", "..\MyMediaRenamer.Tests\MyMediaRenamer.Tests.csproj", "{68858E33-A2D9-476C-BC7B-E33F463E292F}"
EndProject
Project("{9A19103F-16F7-4668-BE54-9A1E7A4F7556}") = "MyMediaRenamer.Cli", "MyMediaRenamer.Cli.csproj", "{A2B55796-13AB-42CA-AFE5-D027D3EFC085}"
EndProject
Global
	GlobalSection(SolutionConfigurationPlatforms) = preSolution
		Debug|Any CPU = Debug|Any CPU
		Release|Any CPU = Release|Any CPU
	EndGlobalSection
	GlobalSection(ProjectConfigurationPlatforms) = postSolution
		{8251D948-212D-47D5-8F5C-EA7C046DAACA}.Debug|Any CPU.ActiveCfg = Debug|Any CPU
		{8251D948-212D-47D5-8F5C-EA7C046DAACA}.Debug|Any CPU.Build.0 = Debug|Any CPU
		{8251D948-212D-47D5-8F5C-EA7C046DAACA}.Release|Any CPU.ActiveCfg = Release|Any CPU
		{8251D948-212D-47D5-8F5C-EA7C046DAACA}.Release|Any CPU.Build.0 = Release|Any CPU
		{68858E33-A2D9-476C-BC7B-E33F463E292F}.Debug|Any CPU.ActiveCfg = Debug|Any CPU
		{68858E33-A2D9-476C-BC7B-E33F463E292F}.Debug|Any CPU.Build.0 = Debug|Any CPU
		{68858E33-A2D9-476C-BC7B-E33F463E292F}.Release|Any CPU.ActiveCfg = Release|Any CPU
		{68858E33-A2D9-476C-BC7B-E33F463E292F}.Release|Any CPU.Build.0 = Release|Any CPU
		{A2B55796-13AB-42CA-AFE5-D027D3EFC085}.Debug|Any CPU.ActiveCfg = Debug|Any CPU
		{A2B55796-13AB-42CA-AFE5-D027D3EFC085}.Debug|Any CPU.Build.0 = Debug|Any CPU
		{A2B55796-13AB-42CA-AFE5-D027D3EFC085}.Release|Any CPU.ActiveCfg = Release|Any CPU
		{A2B55796-13AB-42CA-AFE5-D027D3EFC085}.Release|Any CPU.Build.0 = Release|Any CPU
	EndGlobalSection
	GlobalSection(SolutionProperties) = preSolution
		HideSolutionNode = FALSE
	EndGlobalSection
	GlobalSection(ExtensibilityGlobals) = postSolution
		SolutionGuid = {12A0BA7F-1EDE-4443-8A9C-09DF05A8E44D}
	EndGlobalSection
EndGlobal
